// !$*UTF8*$!
{
	archiveVersion = 1;
	classes = {
	};
	objectVersion = 46;
	objects = {

/* Begin PBXBuildFile section */
		2A0485231CAA317900FC35FB /* main.m in Sources */ = {isa = PBXBuildFile; fileRef = 2A0485221CAA317900FC35FB /* main.m */; };
		2A0485261CAA317900FC35FB /* AppDelegate.m in Sources */ = {isa = PBXBuildFile; fileRef = 2A0485251CAA317900FC35FB /* AppDelegate.m */; };
		2A0485291CAA317900FC35FB /* ViewController.m in Sources */ = {isa = PBXBuildFile; fileRef = 2A0485281CAA317900FC35FB /* ViewController.m */; };
		2A04852C1CAA317900FC35FB /* Main.storyboard in Resources */ = {isa = PBXBuildFile; fileRef = 2A04852A1CAA317900FC35FB /* Main.storyboard */; };
		2A04852E1CAA317900FC35FB /* Assets.xcassets in Resources */ = {isa = PBXBuildFile; fileRef = 2A04852D1CAA317900FC35FB /* Assets.xcassets */; };
		2A0485311CAA317900FC35FB /* LaunchScreen.storyboard in Resources */ = {isa = PBXBuildFile; fileRef = 2A04852F1CAA317900FC35FB /* LaunchScreen.storyboard */; };
		2A04853C1CAA317900FC35FB /* CoreImageFunTests.m in Sources */ = {isa = PBXBuildFile; fileRef = 2A04853B1CAA317900FC35FB /* CoreImageFunTests.m */; };
		2A0485471CAA317900FC35FB /* CoreImageFunUITests.m in Sources */ = {isa = PBXBuildFile; fileRef = 2A0485461CAA317900FC35FB /* CoreImageFunUITests.m */; };
		2A0485551CAA377700FC35FB /* libImageFilters.a in Frameworks */ = {isa = PBXBuildFile; fileRef = 2A0485541CAA377700FC35FB /* libImageFilters.a */; };
/* End PBXBuildFile section */

/* Begin PBXContainerItemProxy section */
		2A0485381CAA317900FC35FB /* PBXContainerItemProxy */ = {
			isa = PBXContainerItemProxy;
			containerPortal = 2A0485161CAA317800FC35FB /* Project object */;
			proxyType = 1;
			remoteGlobalIDString = 2A04851D1CAA317900FC35FB;
			remoteInfo = CoreImageFun;
		};
		2A0485431CAA317900FC35FB /* PBXContainerItemProxy */ = {
			isa = PBXContainerItemProxy;
			containerPortal = 2A0485161CAA317800FC35FB /* Project object */;
			proxyType = 1;
			remoteGlobalIDString = 2A04851D1CAA317900FC35FB;
			remoteInfo = CoreImageFun;
		};
/* End PBXContainerItemProxy section */

/* Begin PBXFileReference section */
		2A04851E1CAA317900FC35FB /* CoreImageFun.app */ = {isa = PBXFileReference; explicitFileType = wrapper.application; includeInIndex = 0; path = CoreImageFun.app; sourceTree = BUILT_PRODUCTS_DIR; };
		2A0485221CAA317900FC35FB /* main.m */ = {isa = PBXFileReference; lastKnownFileType = sourcecode.c.objc; path = main.m; sourceTree = "<group>"; };
		2A0485241CAA317900FC35FB /* AppDelegate.h */ = {isa = PBXFileReference; lastKnownFileType = sourcecode.c.h; path = AppDelegate.h; sourceTree = "<group>"; };
		2A0485251CAA317900FC35FB /* AppDelegate.m */ = {isa = PBXFileReference; lastKnownFileType = sourcecode.c.objc; path = AppDelegate.m; sourceTree = "<group>"; };
		2A0485271CAA317900FC35FB /* ViewController.h */ = {isa = PBXFileReference; lastKnownFileType = sourcecode.c.h; path = ViewController.h; sourceTree = "<group>"; };
		2A0485281CAA317900FC35FB /* ViewController.m */ = {isa = PBXFileReference; lastKnownFileType = sourcecode.c.objc; path = ViewController.m; sourceTree = "<group>"; };
		2A04852B1CAA317900FC35FB /* Base */ = {isa = PBXFileReference; lastKnownFileType = file.storyboard; name = Base; path = Base.lproj/Main.storyboard; sourceTree = "<group>"; };
		2A04852D1CAA317900FC35FB /* Assets.xcassets */ = {isa = PBXFileReference; lastKnownFileType = folder.assetcatalog; path = Assets.xcassets; sourceTree = "<group>"; };
		2A0485301CAA317900FC35FB /* Base */ = {isa = PBXFileReference; lastKnownFileType = file.storyboard; name = Base; path = Base.lproj/LaunchScreen.storyboard; sourceTree = "<group>"; };
		2A0485321CAA317900FC35FB /* Info.plist */ = {isa = PBXFileReference; lastKnownFileType = text.plist.xml; path = Info.plist; sourceTree = "<group>"; };
		2A0485371CAA317900FC35FB /* CoreImageFunTests.xctest */ = {isa = PBXFileReference; explicitFileType = wrapper.cfbundle; includeInIndex = 0; path = CoreImageFunTests.xctest; sourceTree = BUILT_PRODUCTS_DIR; };
		2A04853B1CAA317900FC35FB /* CoreImageFunTests.m */ = {isa = PBXFileReference; lastKnownFileType = sourcecode.c.objc; path = CoreImageFunTests.m; sourceTree = "<group>"; };
		2A04853D1CAA317900FC35FB /* Info.plist */ = {isa = PBXFileReference; lastKnownFileType = text.plist.xml; path = Info.plist; sourceTree = "<group>"; };
		2A0485421CAA317900FC35FB /* CoreImageFunUITests.xctest */ = {isa = PBXFileReference; explicitFileType = wrapper.cfbundle; includeInIndex = 0; path = CoreImageFunUITests.xctest; sourceTree = BUILT_PRODUCTS_DIR; };
		2A0485461CAA317900FC35FB /* CoreImageFunUITests.m */ = {isa = PBXFileReference; lastKnownFileType = sourcecode.c.objc; path = CoreImageFunUITests.m; sourceTree = "<group>"; };
		2A0485481CAA317900FC35FB /* Info.plist */ = {isa = PBXFileReference; lastKnownFileType = text.plist.xml; path = Info.plist; sourceTree = "<group>"; };
		2A0485541CAA377700FC35FB /* libImageFilters.a */ = {isa = PBXFileReference; lastKnownFileType = archive.ar; name = libImageFilters.a; path = ../libImageFilters.a; sourceTree = "<group>"; };
/* End PBXFileReference section */

/* Begin PBXFrameworksBuildPhase section */
		2A04851B1CAA317900FC35FB /* Frameworks */ = {
			isa = PBXFrameworksBuildPhase;
			buildActionMask = 2147483647;
			files = (
				2A0485551CAA377700FC35FB /* libImageFilters.a in Frameworks */,
			);
			runOnlyForDeploymentPostprocessing = 0;
		};
		2A0485341CAA317900FC35FB /* Frameworks */ = {
			isa = PBXFrameworksBuildPhase;
			buildActionMask = 2147483647;
			files = (
			);
			runOnlyForDeploymentPostprocessing = 0;
		};
		2A04853F1CAA317900FC35FB /* Frameworks */ = {
			isa = PBXFrameworksBuildPhase;
			buildActionMask = 2147483647;
			files = (
			);
			runOnlyForDeploymentPostprocessing = 0;
		};
/* End PBXFrameworksBuildPhase section */

/* Begin PBXGroup section */
		2A0485151CAA317800FC35FB = {
			isa = PBXGroup;
			children = (
				2A0485201CAA317900FC35FB /* CoreImageFun */,
				2A04853A1CAA317900FC35FB /* CoreImageFunTests */,
				2A0485451CAA317900FC35FB /* CoreImageFunUITests */,
				2A04851F1CAA317900FC35FB /* Products */,
			);
			sourceTree = "<group>";
		};
		2A04851F1CAA317900FC35FB /* Products */ = {
			isa = PBXGroup;
			children = (
				2A04851E1CAA317900FC35FB /* CoreImageFun.app */,
				2A0485371CAA317900FC35FB /* CoreImageFunTests.xctest */,
				2A0485421CAA317900FC35FB /* CoreImageFunUITests.xctest */,
			);
			name = Products;
			sourceTree = "<group>";
		};
		2A0485201CAA317900FC35FB /* CoreImageFun */ = {
			isa = PBXGroup;
			children = (
				2A0485241CAA317900FC35FB /* AppDelegate.h */,
				2A0485251CAA317900FC35FB /* AppDelegate.m */,
				2A0485271CAA317900FC35FB /* ViewController.h */,
				2A0485281CAA317900FC35FB /* ViewController.m */,
				2A04852A1CAA317900FC35FB /* Main.storyboard */,
				2A04852D1CAA317900FC35FB /* Assets.xcassets */,
				2A04852F1CAA317900FC35FB /* LaunchScreen.storyboard */,
				2A0485321CAA317900FC35FB /* Info.plist */,
				2A0485211CAA317900FC35FB /* Supporting Files */,
			);
			path = CoreImageFun;
			sourceTree = "<group>";
		};
		2A0485211CAA317900FC35FB /* Supporting Files */ = {
			isa = PBXGroup;
			children = (
				2A0485541CAA377700FC35FB /* libImageFilters.a */,
				2A0485221CAA317900FC35FB /* main.m */,
			);
			name = "Supporting Files";
			sourceTree = "<group>";
		};
		2A04853A1CAA317900FC35FB /* CoreImageFunTests */ = {
			isa = PBXGroup;
			children = (
				2A04853B1CAA317900FC35FB /* CoreImageFunTests.m */,
				2A04853D1CAA317900FC35FB /* Info.plist */,
			);
			path = CoreImageFunTests;
			sourceTree = "<group>";
		};
		2A0485451CAA317900FC35FB /* CoreImageFunUITests */ = {
			isa = PBXGroup;
			children = (
				2A0485461CAA317900FC35FB /* CoreImageFunUITests.m */,
				2A0485481CAA317900FC35FB /* Info.plist */,
			);
			path = CoreImageFunUITests;
			sourceTree = "<group>";
		};
/* End PBXGroup section */

/* Begin PBXNativeTarget section */
		2A04851D1CAA317900FC35FB /* CoreImageFun */ = {
			isa = PBXNativeTarget;
			buildConfigurationList = 2A04854B1CAA317900FC35FB /* Build configuration list for PBXNativeTarget "CoreImageFun" */;
			buildPhases = (
				2A04851A1CAA317900FC35FB /* Sources */,
				2A04851B1CAA317900FC35FB /* Frameworks */,
				2A04851C1CAA317900FC35FB /* Resources */,
			);
			buildRules = (
			);
			dependencies = (
			);
			name = CoreImageFun;
			productName = CoreImageFun;
			productReference = 2A04851E1CAA317900FC35FB /* CoreImageFun.app */;
			productType = "com.apple.product-type.application";
		};
		2A0485361CAA317900FC35FB /* CoreImageFunTests */ = {
			isa = PBXNativeTarget;
			buildConfigurationList = 2A04854E1CAA317900FC35FB /* Build configuration list for PBXNativeTarget "CoreImageFunTests" */;
			buildPhases = (
				2A0485331CAA317900FC35FB /* Sources */,
				2A0485341CAA317900FC35FB /* Frameworks */,
				2A0485351CAA317900FC35FB /* Resources */,
			);
			buildRules = (
			);
			dependencies = (
				2A0485391CAA317900FC35FB /* PBXTargetDependency */,
			);
			name = CoreImageFunTests;
			productName = CoreImageFunTests;
			productReference = 2A0485371CAA317900FC35FB /* CoreImageFunTests.xctest */;
			productType = "com.apple.product-type.bundle.unit-test";
		};
		2A0485411CAA317900FC35FB /* CoreImageFunUITests */ = {
			isa = PBXNativeTarget;
			buildConfigurationList = 2A0485511CAA317900FC35FB /* Build configuration list for PBXNativeTarget "CoreImageFunUITests" */;
			buildPhases = (
				2A04853E1CAA317900FC35FB /* Sources */,
				2A04853F1CAA317900FC35FB /* Frameworks */,
				2A0485401CAA317900FC35FB /* Resources */,
			);
			buildRules = (
			);
			dependencies = (
				2A0485441CAA317900FC35FB /* PBXTargetDependency */,
			);
			name = CoreImageFunUITests;
			productName = CoreImageFunUITests;
			productReference = 2A0485421CAA317900FC35FB /* CoreImageFunUITests.xctest */;
			productType = "com.apple.product-type.bundle.ui-testing";
		};
/* End PBXNativeTarget section */

/* Begin PBXProject section */
		2A0485161CAA317800FC35FB /* Project object */ = {
			isa = PBXProject;
			attributes = {
				LastUpgradeCheck = 0720;
				ORGANIZATIONNAME = shawjan;
				TargetAttributes = {
					2A04851D1CAA317900FC35FB = {
						CreatedOnToolsVersion = 7.2;
					};
					2A0485361CAA317900FC35FB = {
						CreatedOnToolsVersion = 7.2;
						TestTargetID = 2A04851D1CAA317900FC35FB;
					};
					2A0485411CAA317900FC35FB = {
						CreatedOnToolsVersion = 7.2;
						TestTargetID = 2A04851D1CAA317900FC35FB;
					};
				};
			};
			buildConfigurationList = 2A0485191CAA317900FC35FB /* Build configuration list for PBXProject "CoreImageFun" */;
			compatibilityVersion = "Xcode 3.2";
			developmentRegion = English;
			hasScannedForEncodings = 0;
			knownRegions = (
				en,
				Base,
			);
			mainGroup = 2A0485151CAA317800FC35FB;
			productRefGroup = 2A04851F1CAA317900FC35FB /* Products */;
			projectDirPath = "";
			projectRoot = "";
			targets = (
				2A04851D1CAA317900FC35FB /* CoreImageFun */,
				2A0485361CAA317900FC35FB /* CoreImageFunTests */,
				2A0485411CAA317900FC35FB /* CoreImageFunUITests */,
			);
		};
/* End PBXProject section */

/* Begin PBXResourcesBuildPhase section */
		2A04851C1CAA317900FC35FB /* Resources */ = {
			isa = PBXResourcesBuildPhase;
			buildActionMask = 2147483647;
			files = (
				2A0485311CAA317900FC35FB /* LaunchScreen.storyboard in Resources */,
				2A04852E1CAA317900FC35FB /* Assets.xcassets in Resources */,
				2A04852C1CAA317900FC35FB /* Main.storyboard in Resources */,
			);
			runOnlyForDeploymentPostprocessing = 0;
		};
		2A0485351CAA317900FC35FB /* Resources */ = {
			isa = PBXResourcesBuildPhase;
			buildActionMask = 2147483647;
			files = (
			);
			runOnlyForDeploymentPostprocessing = 0;
		};
		2A0485401CAA317900FC35FB /* Resources */ = {
			isa = PBXResourcesBuildPhase;
			buildActionMask = 2147483647;
			files = (
			);
			runOnlyForDeploymentPostprocessing = 0;
		};
/* End PBXResourcesBuildPhase section */

/* Begin PBXSourcesBuildPhase section */
		2A04851A1CAA317900FC35FB /* Sources */ = {
			isa = PBXSourcesBuildPhase;
			buildActionMask = 2147483647;
			files = (
				2A0485291CAA317900FC35FB /* ViewController.m in Sources */,
				2A0485261CAA317900FC35FB /* AppDelegate.m in Sources */,
				2A0485231CAA317900FC35FB /* main.m in Sources */,
			);
			runOnlyForDeploymentPostprocessing = 0;
		};
		2A0485331CAA317900FC35FB /* Sources */ = {
			isa = PBXSourcesBuildPhase;
			buildActionMask = 2147483647;
			files = (
				2A04853C1CAA317900FC35FB /* CoreImageFunTests.m in Sources */,
			);
			runOnlyForDeploymentPostprocessing = 0;
		};
		2A04853E1CAA317900FC35FB /* Sources */ = {
			isa = PBXSourcesBuildPhase;
			buildActionMask = 2147483647;
			files = (
				2A0485471CAA317900FC35FB /* CoreImageFunUITests.m in Sources */,
			);
			runOnlyForDeploymentPostprocessing = 0;
		};
/* End PBXSourcesBuildPhase section */

/* Begin PBXTargetDependency section */
		2A0485391CAA317900FC35FB /* PBXTargetDependency */ = {
			isa = PBXTargetDependency;
			target = 2A04851D1CAA317900FC35FB /* CoreImageFun */;
			targetProxy = 2A0485381CAA317900FC35FB /* PBXContainerItemProxy */;
		};
		2A0485441CAA317900FC35FB /* PBXTargetDependency */ = {
			isa = PBXTargetDependency;
			target = 2A04851D1CAA317900FC35FB /* CoreImageFun */;
			targetProxy = 2A0485431CAA317900FC35FB /* PBXContainerItemProxy */;
		};
/* End PBXTargetDependency section */

/* Begin PBXVariantGroup section */
		2A04852A1CAA317900FC35FB /* Main.storyboard */ = {
			isa = PBXVariantGroup;
			children = (
				2A04852B1CAA317900FC35FB /* Base */,
			);
			name = Main.storyboard;
			sourceTree = "<group>";
		};
		2A04852F1CAA317900FC35FB /* LaunchScreen.storyboard */ = {
			isa = PBXVariantGroup;
			children = (
				2A0485301CAA317900FC35FB /* Base */,
			);
			name = LaunchScreen.storyboard;
			sourceTree = "<group>";
		};
/* End PBXVariantGroup section */

/* Begin XCBuildConfiguration section */
		2A0485491CAA317900FC35FB /* Debug */ = {
			isa = XCBuildConfiguration;
			buildSettings = {
				ALWAYS_SEARCH_USER_PATHS = NO;
				CLANG_CXX_LANGUAGE_STANDARD = "gnu++0x";
				CLANG_CXX_LIBRARY = "libc++";
				CLANG_ENABLE_MODULES = YES;
				CLANG_ENABLE_OBJC_ARC = YES;
				CLANG_WARN_BOOL_CONVERSION = YES;
				CLANG_WARN_CONSTANT_CONVERSION = YES;
				CLANG_WARN_DIRECT_OBJC_ISA_USAGE = YES_ERROR;
				CLANG_WARN_EMPTY_BODY = YES;
				CLANG_WARN_ENUM_CONVERSION = YES;
				CLANG_WARN_INT_CONVERSION = YES;
				CLANG_WARN_OBJC_ROOT_CLASS = YES_ERROR;
				CLANG_WARN_UNREACHABLE_CODE = YES;
				CLANG_WARN__DUPLICATE_METHOD_MATCH = YES;
				"CODE_SIGN_IDENTITY[sdk=iphoneos*]" = "iPhone Developer";
				COPY_PHASE_STRIP = NO;
				DEBUG_INFORMATION_FORMAT = dwarf;
				ENABLE_STRICT_OBJC_MSGSEND = YES;
				ENABLE_TESTABILITY = YES;
				GCC_C_LANGUAGE_STANDARD = gnu99;
				GCC_DYNAMIC_NO_PIC = NO;
				GCC_NO_COMMON_BLOCKS = YES;
				GCC_OPTIMIZATION_LEVEL = 0;
				GCC_PREPROCESSOR_DEFINITIONS = (
					"DEBUG=1",
					"$(inherited)",
				);
				GCC_WARN_64_TO_32_BIT_CONVERSION = YES;
				GCC_WARN_ABOUT_RETURN_TYPE = YES_ERROR;
				GCC_WARN_UNDECLARED_SELECTOR = YES;
				GCC_WARN_UNINITIALIZED_AUTOS = YES_AGGRESSIVE;
				GCC_WARN_UNUSED_FUNCTION = YES;
				GCC_WARN_UNUSED_VARIABLE = YES;
				IPHONEOS_DEPLOYMENT_TARGET = 9.2;
				MTL_ENABLE_DEBUG_INFO = YES;
				ONLY_ACTIVE_ARCH = YES;
				SDKROOT = iphoneos;
			};
			name = Debug;
		};
		2A04854A1CAA317900FC35FB /* Release */ = {
			isa = XCBuildConfiguration;
			buildSettings = {
				ALWAYS_SEARCH_USER_PATHS = NO;
				CLANG_CXX_LANGUAGE_STANDARD = "gnu++0x";
				CLANG_CXX_LIBRARY = "libc++";
				CLANG_ENABLE_MODULES = YES;
				CLANG_ENABLE_OBJC_ARC = YES;
				CLANG_WARN_BOOL_CONVERSION = YES;
				CLANG_WARN_CONSTANT_CONVERSION = YES;
				CLANG_WARN_DIRECT_OBJC_ISA_USAGE = YES_ERROR;
				CLANG_WARN_EMPTY_BODY = YES;
				CLANG_WARN_ENUM_CONVERSION = YES;
				CLANG_WARN_INT_CONVERSION = YES;
				CLANG_WARN_OBJC_ROOT_CLASS = YES_ERROR;
				CLANG_WARN_UNREACHABLE_CODE = YES;
				CLANG_WARN__DUPLICATE_METHOD_MATCH = YES;
				"CODE_SIGN_IDENTITY[sdk=iphoneos*]" = "iPhone Developer";
				COPY_PHASE_STRIP = NO;
				DEBUG_INFORMATION_FORMAT = "dwarf-with-dsym";
				ENABLE_NS_ASSERTIONS = NO;
				ENABLE_STRICT_OBJC_MSGSEND = YES;
				GCC_C_LANGUAGE_STANDARD = gnu99;
				GCC_NO_COMMON_BLOCKS = YES;
				GCC_WARN_64_TO_32_BIT_CONVERSION = YES;
				GCC_WARN_ABOUT_RETURN_TYPE = YES_ERROR;
				GCC_WARN_UNDECLARED_SELECTOR = YES;
				GCC_WARN_UNINITIALIZED_AUTOS = YES_AGGRESSIVE;
				GCC_WARN_UNUSED_FUNCTION = YES;
				GCC_WARN_UNUSED_VARIABLE = YES;
				IPHONEOS_DEPLOYMENT_TARGET = 9.2;
				MTL_ENABLE_DEBUG_INFO = NO;
				SDKROOT = iphoneos;
				VALIDATE_PRODUCT = YES;
			};
			name = Release;
		};
		2A04854C1CAA317900FC35FB /* Debug */ = {
			isa = XCBuildConfiguration;
			buildSettings = {
				ASSETCATALOG_COMPILER_APPICON_NAME = AppIcon;
				HEADER_SEARCH_PATHS = $SOURCE_ROOT/include;
				INFOPLIST_FILE = CoreImageFun/Info.plist;
				LD_RUNPATH_SEARCH_PATHS = "$(inherited) @executable_path/Frameworks";
				LIBRARY_SEARCH_PATHS = (
					"$(inherited)",
					"$(PROJECT_DIR)",
				);
				ONLY_ACTIVE_ARCH = YES;
				OTHER_LDFLAGS = "-ObjC";
				PRODUCT_BUNDLE_IDENTIFIER = com.shawjan.fore.CoreImageFun;
				PRODUCT_NAME = "$(TARGET_NAME)";
				VALID_ARCHS = "armv7 armv7s arm64";
			};
			name = Debug;
		};
		2A04854D1CAA317900FC35FB /* Release */ = {
			isa = XCBuildConfiguration;
			buildSettings = {
				ASSETCATALOG_COMPILER_APPICON_NAME = AppIcon;
				HEADER_SEARCH_PATHS = $SOURCE_ROOT/include;
				INFOPLIST_FILE = CoreImageFun/Info.plist;
				LD_RUNPATH_SEARCH_PATHS = "$(inherited) @executable_path/Frameworks";
				LIBRARY_SEARCH_PATHS = (
					"$(inherited)",
					"$(PROJECT_DIR)",
				);
				ONLY_ACTIVE_ARCH = YES;
				OTHER_LDFLAGS = "-ObjC";
				PRODUCT_BUNDLE_IDENTIFIER = com.shawjan.fore.CoreImageFun;
				PRODUCT_NAME = "$(TARGET_NAME)";
				VALID_ARCHS = "armv7 armv7s arm64";
			};
			name = Release;
		};
		2A04854F1CAA317900FC35FB /* Debug */ = {
			isa = XCBuildConfiguration;
			buildSettings = {
				BUNDLE_LOADER = "$(TEST_HOST)";
				INFOPLIST_FILE = CoreImageFunTests/Info.plist;
				LD_RUNPATH_SEARCH_PATHS = "$(inherited) @executable_path/Frameworks @loader_path/Frameworks";
				PRODUCT_BUNDLE_IDENTIFIER = com.shawjan.fore.CoreImageFunTests;
				PRODUCT_NAME = "$(TARGET_NAME)";
				TEST_HOST = "$(BUILT_PRODUCTS_DIR)/CoreImageFun.app/CoreImageFun";
			};
			name = Debug;
		};
		2A0485501CAA317900FC35FB /* Release */ = {
			isa = XCBuildConfiguration;
			buildSettings = {
				BUNDLE_LOADER = "$(TEST_HOST)";
				INFOPLIST_FILE = CoreImageFunTests/Info.plist;
				LD_RUNPATH_SEARCH_PATHS = "$(inherited) @executable_path/Frameworks @loader_path/Frameworks";
				PRODUCT_BUNDLE_IDENTIFIER = com.shawjan.fore.CoreImageFunTests;
				PRODUCT_NAME = "$(TARGET_NAME)";
				TEST_HOST = "$(BUILT_PRODUCTS_DIR)/CoreImageFun.app/CoreImageFun";
			};
			name = Release;
		};
		2A0485521CAA317900FC35FB /* Debug */ = {
			isa = XCBuildConfiguration;
			buildSettings = {
				INFOPLIST_FILE = CoreImageFunUITests/Info.plist;
				LD_RUNPATH_SEARCH_PATHS = "$(inherited) @executable_path/Frameworks @loader_path/Frameworks";
				PRODUCT_BUNDLE_IDENTIFIER = com.shawjan.fore.CoreImageFunUITests;
				PRODUCT_NAME = "$(TARGET_NAME)";
				TEST_TARGET_NAME = CoreImageFun;
				USES_XCTRUNNER = YES;
			};
			name = Debug;
		};
		2A0485531CAA317900FC35FB /* Release */ = {
			isa = XCBuildConfiguration;
			buildSettings = {
				INFOPLIST_FILE = CoreImageFunUITests/Info.plist;
				LD_RUNPATH_SEARCH_PATHS = "$(inherited) @executable_path/Frameworks @loader_path/Frameworks";
				PRODUCT_BUNDLE_IDENTIFIER = com.shawjan.fore.CoreImageFunUITests;
				PRODUCT_NAME = "$(TARGET_NAME)";
				TEST_TARGET_NAME = CoreImageFun;
				USES_XCTRUNNER = YES;
			};
			name = Release;
		};
/* End XCBuildConfiguration section */

/* Begin XCConfigurationList section */
		2A0485191CAA317900FC35FB /* Build configuration list for PBXProject "CoreImageFun" */ = {
			isa = XCConfigurationList;
			buildConfigurations = (
				2A0485491CAA317900FC35FB /* Debug */,
				2A04854A1CAA317900FC35FB /* Release */,
			);
			defaultConfigurationIsVisible = 0;
			defaultConfigurationName = Release;
		};
		2A04854B1CAA317900FC35FB /* Build configuration list for PBXNativeTarget "CoreImageFun" */ = {
			isa = XCConfigurationList;
			buildConfigurations = (
				2A04854C1CAA317900FC35FB /* Debug */,
				2A04854D1CAA317900FC35FB /* Release */,
			);
			defaultConfigurationIsVisible = 0;
		};
		2A04854E1CAA317900FC35FB /* Build configuration list for PBXNativeTarget "CoreImageFunTests" */ = {
			isa = XCConfigurationList;
			buildConfigurations = (
				2A04854F1CAA317900FC35FB /* Debug */,
				2A0485501CAA317900FC35FB /* Release */,
			);
			defaultConfigurationIsVisible = 0;
		};
		2A0485511CAA317900FC35FB /* Build configuration list for PBXNativeTarget "CoreImageFunUITests" */ = {
			isa = XCConfigurationList;
			buildConfigurations = (
				2A0485521CAA317900FC35FB /* Debug */,
				2A0485531CAA317900FC35FB /* Release */,
			);
			defaultConfigurationIsVisible = 0;
		};
/* End XCConfigurationList section */
	};
	rootObject = 2A0485161CAA317800FC35FB /* Project object */;
}
