// !$*UTF8*$!
{
	archiveVersion = 1;
	classes = {
	};
	objectVersion = 46;
	objects = {

/* Begin PBXBuildFile section */
		2A2A56A51CA6ED14003BD579 /* UIKit.framework in Frameworks */ = {isa = PBXBuildFile; fileRef = 2A2A56A41CA6ED14003BD579 /* UIKit.framework */; };
		2A2A56A71CA6ED25003BD579 /* Foundation.framework in Frameworks */ = {isa = PBXBuildFile; fileRef = 2A2A56A61CA6ED25003BD579 /* Foundation.framework */; };
		2A701CC31CA56D3300A4A0C4 /* FrameworkDemo.h in CopyFiles */ = {isa = PBXBuildFile; fileRef = 2A701CC21CA56D3300A4A0C4 /* FrameworkDemo.h */; };
		2A701CC51CA56D3300A4A0C4 /* FrameworkDemo.m in Sources */ = {isa = PBXBuildFile; fileRef = 2A701CC41CA56D3300A4A0C4 /* FrameworkDemo.m */; };
		2A701CD81CA56DA600A4A0C4 /* AdViewController.m in Sources */ = {isa = PBXBuildFile; fileRef = 2A701CD61CA56DA600A4A0C4 /* AdViewController.m */; };
		2A701CD91CA56EB600A4A0C4 /* AdViewController.xib in Resources */ = {isa = PBXBuildFile; fileRef = 2A701CD71CA56DA600A4A0C4 /* AdViewController.xib */; };
		2A701CDA1CA56F4600A4A0C4 /* AdViewController.h in CopyFiles */ = {isa = PBXBuildFile; fileRef = 2A701CD51CA56DA600A4A0C4 /* AdViewController.h */; };
/* End PBXBuildFile section */

/* Begin PBXCopyFilesBuildPhase section */
		2A701CBD1CA56D3300A4A0C4 /* CopyFiles */ = {
			isa = PBXCopyFilesBuildPhase;
			buildActionMask = 2147483647;
			dstPath = include;
			dstSubfolderSpec = 16;
			files = (
				2A701CDA1CA56F4600A4A0C4 /* AdViewController.h in CopyFiles */,
				2A701CC31CA56D3300A4A0C4 /* FrameworkDemo.h in CopyFiles */,
			);
			runOnlyForDeploymentPostprocessing = 0;
		};
/* End PBXCopyFilesBuildPhase section */

/* Begin PBXFileReference section */
		2A2A56A41CA6ED14003BD579 /* UIKit.framework */ = {isa = PBXFileReference; lastKnownFileType = wrapper.framework; name = UIKit.framework; path = System/Library/Frameworks/UIKit.framework; sourceTree = SDKROOT; };
		2A2A56A61CA6ED25003BD579 /* Foundation.framework */ = {isa = PBXFileReference; lastKnownFileType = wrapper.framework; name = Foundation.framework; path = System/Library/Frameworks/Foundation.framework; sourceTree = SDKROOT; };
		2A701CBF1CA56D3300A4A0C4 /* libFrameworkDemo.a */ = {isa = PBXFileReference; explicitFileType = archive.ar; includeInIndex = 0; path = libFrameworkDemo.a; sourceTree = BUILT_PRODUCTS_DIR; };
		2A701CC21CA56D3300A4A0C4 /* FrameworkDemo.h */ = {isa = PBXFileReference; lastKnownFileType = sourcecode.c.h; path = FrameworkDemo.h; sourceTree = "<group>"; };
		2A701CC41CA56D3300A4A0C4 /* FrameworkDemo.m */ = {isa = PBXFileReference; lastKnownFileType = sourcecode.c.objc; path = FrameworkDemo.m; sourceTree = "<group>"; };
		2A701CCF1CA56D5900A4A0C4 /* FrameworkBundle.bundle */ = {isa = PBXFileReference; explicitFileType = wrapper.cfbundle; includeInIndex = 0; path = FrameworkBundle.bundle; sourceTree = BUILT_PRODUCTS_DIR; };
		2A701CD11CA56D5900A4A0C4 /* Info.plist */ = {isa = PBXFileReference; lastKnownFileType = text.plist.xml; path = Info.plist; sourceTree = "<group>"; };
		2A701CD51CA56DA600A4A0C4 /* AdViewController.h */ = {isa = PBXFileReference; fileEncoding = 4; lastKnownFileType = sourcecode.c.h; path = AdViewController.h; sourceTree = "<group>"; };
		2A701CD61CA56DA600A4A0C4 /* AdViewController.m */ = {isa = PBXFileReference; fileEncoding = 4; lastKnownFileType = sourcecode.c.objc; path = AdViewController.m; sourceTree = "<group>"; };
		2A701CD71CA56DA600A4A0C4 /* AdViewController.xib */ = {isa = PBXFileReference; fileEncoding = 4; lastKnownFileType = file.xib; path = AdViewController.xib; sourceTree = "<group>"; };
/* End PBXFileReference section */

/* Begin PBXFrameworksBuildPhase section */
		2A701CBC1CA56D3300A4A0C4 /* Frameworks */ = {
			isa = PBXFrameworksBuildPhase;
			buildActionMask = 2147483647;
			files = (
				2A2A56A71CA6ED25003BD579 /* Foundation.framework in Frameworks */,
				2A2A56A51CA6ED14003BD579 /* UIKit.framework in Frameworks */,
			);
			runOnlyForDeploymentPostprocessing = 0;
		};
		2A701CCC1CA56D5900A4A0C4 /* Frameworks */ = {
			isa = PBXFrameworksBuildPhase;
			buildActionMask = 2147483647;
			files = (
			);
			runOnlyForDeploymentPostprocessing = 0;
		};
/* End PBXFrameworksBuildPhase section */

/* Begin PBXGroup section */
		2A701CB61CA56D3300A4A0C4 = {
			isa = PBXGroup;
			children = (
				2A2A56A61CA6ED25003BD579 /* Foundation.framework */,
				2A2A56A41CA6ED14003BD579 /* UIKit.framework */,
				2A701CC11CA56D3300A4A0C4 /* FrameworkDemo */,
				2A701CD01CA56D5900A4A0C4 /* FrameworkBundle */,
				2A701CC01CA56D3300A4A0C4 /* Products */,
			);
			sourceTree = "<group>";
		};
		2A701CC01CA56D3300A4A0C4 /* Products */ = {
			isa = PBXGroup;
			children = (
				2A701CBF1CA56D3300A4A0C4 /* libFrameworkDemo.a */,
				2A701CCF1CA56D5900A4A0C4 /* FrameworkBundle.bundle */,
			);
			name = Products;
			sourceTree = "<group>";
		};
		2A701CC11CA56D3300A4A0C4 /* FrameworkDemo */ = {
			isa = PBXGroup;
			children = (
				2A701CD51CA56DA600A4A0C4 /* AdViewController.h */,
				2A701CD61CA56DA600A4A0C4 /* AdViewController.m */,
				2A701CD71CA56DA600A4A0C4 /* AdViewController.xib */,
				2A701CC21CA56D3300A4A0C4 /* FrameworkDemo.h */,
				2A701CC41CA56D3300A4A0C4 /* FrameworkDemo.m */,
			);
			path = FrameworkDemo;
			sourceTree = "<group>";
		};
		2A701CD01CA56D5900A4A0C4 /* FrameworkBundle */ = {
			isa = PBXGroup;
			children = (
				2A701CD11CA56D5900A4A0C4 /* Info.plist */,
			);
			path = FrameworkBundle;
			sourceTree = "<group>";
		};
/* End PBXGroup section */

/* Begin PBXNativeTarget section */
		2A701CBE1CA56D3300A4A0C4 /* FrameworkDemo */ = {
			isa = PBXNativeTarget;
			buildConfigurationList = 2A701CC81CA56D3300A4A0C4 /* Build configuration list for PBXNativeTarget "FrameworkDemo" */;
			buildPhases = (
				2A701CBB1CA56D3300A4A0C4 /* Sources */,
				2A701CBC1CA56D3300A4A0C4 /* Frameworks */,
				2A701CBD1CA56D3300A4A0C4 /* CopyFiles */,
			);
			buildRules = (
			);
			dependencies = (
			);
			name = FrameworkDemo;
			productName = FrameworkDemo;
			productReference = 2A701CBF1CA56D3300A4A0C4 /* libFrameworkDemo.a */;
			productType = "com.apple.product-type.library.static";
		};
		2A701CCE1CA56D5900A4A0C4 /* FrameworkBundle */ = {
			isa = PBXNativeTarget;
			buildConfigurationList = 2A701CD21CA56D5900A4A0C4 /* Build configuration list for PBXNativeTarget "FrameworkBundle" */;
			buildPhases = (
				2A701CCB1CA56D5900A4A0C4 /* Sources */,
				2A701CCC1CA56D5900A4A0C4 /* Frameworks */,
				2A701CCD1CA56D5900A4A0C4 /* Resources */,
			);
			buildRules = (
			);
			dependencies = (
			);
			name = FrameworkBundle;
			productName = FrameworkBundle;
			productReference = 2A701CCF1CA56D5900A4A0C4 /* FrameworkBundle.bundle */;
			productType = "com.apple.product-type.bundle";
		};
/* End PBXNativeTarget section */

/* Begin PBXProject section */
		2A701CB71CA56D3300A4A0C4 /* Project object */ = {
			isa = PBXProject;
			attributes = {
				LastUpgradeCheck = 0720;
				ORGANIZATIONNAME = shawjan;
				TargetAttributes = {
					2A701CBE1CA56D3300A4A0C4 = {
						CreatedOnToolsVersion = 7.2;
					};
					2A701CCE1CA56D5900A4A0C4 = {
						CreatedOnToolsVersion = 7.2;
					};
				};
			};
			buildConfigurationList = 2A701CBA1CA56D3300A4A0C4 /* Build configuration list for PBXProject "FrameworkDemo" */;
			compatibilityVersion = "Xcode 3.2";
			developmentRegion = English;
			hasScannedForEncodings = 0;
			knownRegions = (
				en,
			);
			mainGroup = 2A701CB61CA56D3300A4A0C4;
			productRefGroup = 2A701CC01CA56D3300A4A0C4 /* Products */;
			projectDirPath = "";
			projectRoot = "";
			targets = (
				2A701CBE1CA56D3300A4A0C4 /* FrameworkDemo */,
				2A701CCE1CA56D5900A4A0C4 /* FrameworkBundle */,
			);
		};
/* End PBXProject section */

/* Begin PBXResourcesBuildPhase section */
		2A701CCD1CA56D5900A4A0C4 /* Resources */ = {
			isa = PBXResourcesBuildPhase;
			buildActionMask = 2147483647;
			files = (
				2A701CD91CA56EB600A4A0C4 /* AdViewController.xib in Resources */,
			);
			runOnlyForDeploymentPostprocessing = 0;
		};
/* End PBXResourcesBuildPhase section */

/* Begin PBXSourcesBuildPhase section */
		2A701CBB1CA56D3300A4A0C4 /* Sources */ = {
			isa = PBXSourcesBuildPhase;
			buildActionMask = 2147483647;
			files = (
				2A701CC51CA56D3300A4A0C4 /* FrameworkDemo.m in Sources */,
				2A701CD81CA56DA600A4A0C4 /* AdViewController.m in Sources */,
			);
			runOnlyForDeploymentPostprocessing = 0;
		};
		2A701CCB1CA56D5900A4A0C4 /* Sources */ = {
			isa = PBXSourcesBuildPhase;
			buildActionMask = 2147483647;
			files = (
			);
			runOnlyForDeploymentPostprocessing = 0;
		};
/* End PBXSourcesBuildPhase section */

/* Begin XCBuildConfiguration section */
		2A701CC61CA56D3300A4A0C4 /* Debug */ = {
			isa = XCBuildConfiguration;
			buildSettings = {
				ALWAYS_SEARCH_USER_PATHS = NO;
				CLANG_CXX_LANGUAGE_STANDARD = "gnu++0x";
				CLANG_CXX_LIBRARY = "libc++";
				CLANG_ENABLE_MODULES = YES;
				CLANG_ENABLE_OBJC_ARC = YES;
				CLANG_WARN_BOOL_CONVERSION = YES;
				CLANG_WARN_CONSTANT_CONVERSION = YES;
				CLANG_WARN_DIRECT_OBJC_ISA_USAGE = YES_ERROR;
				CLANG_WARN_EMPTY_BODY = YES;
				CLANG_WARN_ENUM_CONVERSION = YES;
				CLANG_WARN_INT_CONVERSION = YES;
				CLANG_WARN_OBJC_ROOT_CLASS = YES_ERROR;
				CLANG_WARN_UNREACHABLE_CODE = YES;
				CLANG_WARN__DUPLICATE_METHOD_MATCH = YES;
				"CODE_SIGN_IDENTITY[sdk=iphoneos*]" = "iPhone Developer";
				COPY_PHASE_STRIP = NO;
				DEBUG_INFORMATION_FORMAT = dwarf;
				ENABLE_STRICT_OBJC_MSGSEND = YES;
				ENABLE_TESTABILITY = YES;
				GCC_C_LANGUAGE_STANDARD = gnu99;
				GCC_DYNAMIC_NO_PIC = NO;
				GCC_NO_COMMON_BLOCKS = YES;
				GCC_OPTIMIZATION_LEVEL = 0;
				GCC_PREPROCESSOR_DEFINITIONS = (
					"DEBUG=1",
					"$(inherited)",
				);
				GCC_WARN_64_TO_32_BIT_CONVERSION = YES;
				GCC_WARN_ABOUT_RETURN_TYPE = YES_ERROR;
				GCC_WARN_UNDECLARED_SELECTOR = YES;
				GCC_WARN_UNINITIALIZED_AUTOS = YES_AGGRESSIVE;
				GCC_WARN_UNUSED_FUNCTION = YES;
				GCC_WARN_UNUSED_VARIABLE = YES;
				IPHONEOS_DEPLOYMENT_TARGET = 9.2;
				MTL_ENABLE_DEBUG_INFO = YES;
				ONLY_ACTIVE_ARCH = YES;
				SDKROOT = iphoneos;
			};
			name = Debug;
		};
		2A701CC71CA56D3300A4A0C4 /* Release */ = {
			isa = XCBuildConfiguration;
			buildSettings = {
				ALWAYS_SEARCH_USER_PATHS = NO;
				CLANG_CXX_LANGUAGE_STANDARD = "gnu++0x";
				CLANG_CXX_LIBRARY = "libc++";
				CLANG_ENABLE_MODULES = YES;
				CLANG_ENABLE_OBJC_ARC = YES;
				CLANG_WARN_BOOL_CONVERSION = YES;
				CLANG_WARN_CONSTANT_CONVERSION = YES;
				CLANG_WARN_DIRECT_OBJC_ISA_USAGE = YES_ERROR;
				CLANG_WARN_EMPTY_BODY = YES;
				CLANG_WARN_ENUM_CONVERSION = YES;
				CLANG_WARN_INT_CONVERSION = YES;
				CLANG_WARN_OBJC_ROOT_CLASS = YES_ERROR;
				CLANG_WARN_UNREACHABLE_CODE = YES;
				CLANG_WARN__DUPLICATE_METHOD_MATCH = YES;
				"CODE_SIGN_IDENTITY[sdk=iphoneos*]" = "iPhone Developer";
				COPY_PHASE_STRIP = NO;
				DEBUG_INFORMATION_FORMAT = "dwarf-with-dsym";
				ENABLE_NS_ASSERTIONS = NO;
				ENABLE_STRICT_OBJC_MSGSEND = YES;
				GCC_C_LANGUAGE_STANDARD = gnu99;
				GCC_NO_COMMON_BLOCKS = YES;
				GCC_WARN_64_TO_32_BIT_CONVERSION = YES;
				GCC_WARN_ABOUT_RETURN_TYPE = YES_ERROR;
				GCC_WARN_UNDECLARED_SELECTOR = YES;
				GCC_WARN_UNINITIALIZED_AUTOS = YES_AGGRESSIVE;
				GCC_WARN_UNUSED_FUNCTION = YES;
				GCC_WARN_UNUSED_VARIABLE = YES;
				IPHONEOS_DEPLOYMENT_TARGET = 9.2;
				MTL_ENABLE_DEBUG_INFO = NO;
				SDKROOT = iphoneos;
				VALIDATE_PRODUCT = YES;
			};
			name = Release;
		};
		2A701CC91CA56D3300A4A0C4 /* Debug */ = {
			isa = XCBuildConfiguration;
			buildSettings = {
				CODE_SIGN_IDENTITY = "iPhone Developer: Wei Feng Hou (X4XM2T4X6D)";
				"CODE_SIGN_IDENTITY[sdk=iphoneos*]" = "iPhone Developer: Wei feng Hou (ZXLU7WXR29)";
				OTHER_LDFLAGS = "-ObjC";
				PRODUCT_NAME = "$(TARGET_NAME)";
				SKIP_INSTALL = YES;
			};
			name = Debug;
		};
		2A701CCA1CA56D3300A4A0C4 /* Release */ = {
			isa = XCBuildConfiguration;
			buildSettings = {
				CODE_SIGN_IDENTITY = "iPhone Developer: Wei Feng Hou (X4XM2T4X6D)";
				OTHER_LDFLAGS = "-ObjC";
				PRODUCT_NAME = "$(TARGET_NAME)";
				SKIP_INSTALL = YES;
			};
			name = Release;
		};
		2A701CD31CA56D5900A4A0C4 /* Debug */ = {
			isa = XCBuildConfiguration;
			buildSettings = {
				CODE_SIGN_IDENTITY = "-";
				COMBINE_HIDPI_IMAGES = YES;
				INFOPLIST_FILE = FrameworkBundle/Info.plist;
				INSTALL_PATH = "$(LOCAL_LIBRARY_DIR)/Bundles";
				MACOSX_DEPLOYMENT_TARGET = 10.10;
				PRODUCT_BUNDLE_IDENTIFIER = com.shawjan.fore.FrameworkBundle;
				PRODUCT_NAME = "$(TARGET_NAME)";
				SDKROOT = iphoneos;
				SKIP_INSTALL = YES;
				WRAPPER_EXTENSION = bundle;
			};
			name = Debug;
		};
		2A701CD41CA56D5900A4A0C4 /* Release */ = {
			isa = XCBuildConfiguration;
			buildSettings = {
				CODE_SIGN_IDENTITY = "-";
				COMBINE_HIDPI_IMAGES = YES;
				INFOPLIST_FILE = FrameworkBundle/Info.plist;
				INSTALL_PATH = "$(LOCAL_LIBRARY_DIR)/Bundles";
				MACOSX_DEPLOYMENT_TARGET = 10.10;
				PRODUCT_BUNDLE_IDENTIFIER = com.shawjan.fore.FrameworkBundle;
				PRODUCT_NAME = "$(TARGET_NAME)";
				SDKROOT = iphoneos;
				SKIP_INSTALL = YES;
				WRAPPER_EXTENSION = bundle;
			};
			name = Release;
		};
/* End XCBuildConfiguration section */

/* Begin XCConfigurationList section */
		2A701CBA1CA56D3300A4A0C4 /* Build configuration list for PBXProject "FrameworkDemo" */ = {
			isa = XCConfigurationList;
			buildConfigurations = (
				2A701CC61CA56D3300A4A0C4 /* Debug */,
				2A701CC71CA56D3300A4A0C4 /* Release */,
			);
			defaultConfigurationIsVisible = 0;
			defaultConfigurationName = Release;
		};
		2A701CC81CA56D3300A4A0C4 /* Build configuration list for PBXNativeTarget "FrameworkDemo" */ = {
			isa = XCConfigurationList;
			buildConfigurations = (
				2A701CC91CA56D3300A4A0C4 /* Debug */,
				2A701CCA1CA56D3300A4A0C4 /* Release */,
			);
			defaultConfigurationIsVisible = 0;
			defaultConfigurationName = Release;
		};
		2A701CD21CA56D5900A4A0C4 /* Build configuration list for PBXNativeTarget "FrameworkBundle" */ = {
			isa = XCConfigurationList;
			buildConfigurations = (
				2A701CD31CA56D5900A4A0C4 /* Debug */,
				2A701CD41CA56D5900A4A0C4 /* Release */,
			);
			defaultConfigurationIsVisible = 0;
			defaultConfigurationName = Release;
		};
/* End XCConfigurationList section */
	};
	rootObject = 2A701CB71CA56D3300A4A0C4 /* Project object */;
}
